
Microsoft Visual Studio Solution File, Format Version 12.00
# Visual Studio Version 17
VisualStudioVersion = 17.11.35222.181
MinimumVisualStudioVersion = 10.0.40219.1
Project("{FAE04EC0-301F-11D3-BF4B-00C04F79EFBC}") = "Week7Functions", "Week7Functions\Week7Functions.csproj", "{91A606ED-6B8E-4A59-8306-EA76D8EBB692}"
EndProject
Project("{FAE04EC0-301F-11D3-BF4B-00C04F79EFBC}") = "ArgumentsAndParameters", "ArgumentsAndParameters\ArgumentsAndParameters.csproj", "{BD342FCB-F05B-4982-A124-F36B64657E2F}"
EndProject
Project("{FAE04EC0-301F-11D3-BF4B-00C04F79EFBC}") = "Calculator", "Calculator\Calculator.csproj", "{3B705569-6E93-422E-A866-EA7E8ED36731}"
EndProject
Project("{FAE04EC0-301F-11D3-BF4B-00C04F79EFBC}") = "DiscountCalculator", "DiscountCalculator\DiscountCalculator.csproj", "{2804A185-DD3D-4FE4-9026-F7B6F5E52B1E}"
EndProject
Project("{FAE04EC0-301F-11D3-BF4B-00C04F79EFBC}") = "Task", "too\Task.csproj", "{5AAE760A-6FA7-4851-BC4D-769F53EACFAE}"
EndProject
Global
	GlobalSection(SolutionConfigurationPlatforms) = preSolution
		Debug|Any CPU = Debug|Any CPU
		Release|Any CPU = Release|Any CPU
	EndGlobalSection
	GlobalSection(ProjectConfigurationPlatforms) = postSolution
		{91A606ED-6B8E-4A59-8306-EA76D8EBB692}.Debug|Any CPU.ActiveCfg = Debug|Any CPU
		{91A606ED-6B8E-4A59-8306-EA76D8EBB692}.Debug|Any CPU.Build.0 = Debug|Any CPU
		{91A606ED-6B8E-4A59-8306-EA76D8EBB692}.Release|Any CPU.ActiveCfg = Release|Any CPU
		{91A606ED-6B8E-4A59-8306-EA76D8EBB692}.Release|Any CPU.Build.0 = Release|Any CPU
		{BD342FCB-F05B-4982-A124-F36B64657E2F}.Debug|Any CPU.ActiveCfg = Debug|Any CPU
		{BD342FCB-F05B-4982-A124-F36B64657E2F}.Debug|Any CPU.Build.0 = Debug|Any CPU
		{BD342FCB-F05B-4982-A124-F36B64657E2F}.Release|Any CPU.ActiveCfg = Release|Any CPU
		{BD342FCB-F05B-4982-A124-F36B64657E2F}.Release|Any CPU.Build.0 = Release|Any CPU
		{3B705569-6E93-422E-A866-EA7E8ED36731}.Debug|Any CPU.ActiveCfg = Debug|Any CPU
		{3B705569-6E93-422E-A866-EA7E8ED36731}.Debug|Any CPU.Build.0 = Debug|Any CPU
		{3B705569-6E93-422E-A866-EA7E8ED36731}.Release|Any CPU.ActiveCfg = Release|Any CPU
		{3B705569-6E93-422E-A866-EA7E8ED36731}.Release|Any CPU.Build.0 = Release|Any CPU
		{2804A185-DD3D-4FE4-9026-F7B6F5E52B1E}.Debug|Any CPU.ActiveCfg = Debug|Any CPU
		{2804A185-DD3D-4FE4-9026-F7B6F5E52B1E}.Debug|Any CPU.Build.0 = Debug|Any CPU
		{2804A185-DD3D-4FE4-9026-F7B6F5E52B1E}.Release|Any CPU.ActiveCfg = Release|Any CPU
		{2804A185-DD3D-4FE4-9026-F7B6F5E52B1E}.Release|Any CPU.Build.0 = Release|Any CPU
		{5AAE760A-6FA7-4851-BC4D-769F53EACFAE}.Debug|Any CPU.ActiveCfg = Debug|Any CPU
		{5AAE760A-6FA7-4851-BC4D-769F53EACFAE}.Debug|Any CPU.Build.0 = Debug|Any CPU
		{5AAE760A-6FA7-4851-BC4D-769F53EACFAE}.Release|Any CPU.ActiveCfg = Release|Any CPU
		{5AAE760A-6FA7-4851-BC4D-769F53EACFAE}.Release|Any CPU.Build.0 = Release|Any CPU
	EndGlobalSection
	GlobalSection(SolutionProperties) = preSolution
		HideSolutionNode = FALSE
	EndGlobalSection
	GlobalSection(ExtensibilityGlobals) = postSolution
		SolutionGuid = {D8BBA978-6179-4A27-9E0E-62B99841A98B}
	EndGlobalSection
EndGlobal
